PODS:
  - Flutter (1.0.0)
  - ObjectBox (1.6.0-sync)
  - objectbox_sync_flutter_libs (0.0.1):
    - Flutter
    - ObjectBox (= 1.6.0-sync)
  - path_provider_ios (0.0.1):
    - Flutter

DEPENDENCIES:
  - Flutter (from `Flutter`)
  - objectbox_sync_flutter_libs (from `.symlinks/plugins/objectbox_sync_flutter_libs/ios`)
  - path_provider_ios (from `.symlinks/plugins/path_provider_ios/ios`)

SPEC REPOS:
  trunk:
    - ObjectBox

EXTERNAL SOURCES:
  Flutter:
    :path: Flutter
  objectbox_sync_flutter_libs:
    :path: ".symlinks/plugins/objectbox_sync_flutter_libs/ios"
  path_provider_ios:
    :path: ".symlinks/plugins/path_provider_ios/ios"

SPEC CHECKSUMS:
  Flutter: 50d75fe2f02b26cc09d224853bb45737f8b3214a
  ObjectBox: 9eb6bdfef45bb06149ecf4c61d6e62379e0bc0fd
  objectbox_sync_flutter_libs: 016a084de4652aebb7444fa1ecf81bf547fd5cfb
  path_provider_ios: 7d7ce634493af4477d156294792024ec3485acd5

PODFILE CHECKSUM: aafe91acc616949ddb318b77800a7f51bffa2a4c

COCOAPODS: 1.11.2
